
Microsoft Visual Studio Solution File, Format Version 12.00
# Visual Studio Version 17
VisualStudioVersion = 17.5.33424.131
MinimumVisualStudioVersion = 10.0.40219.1
Project("{9A19103F-16F7-4668-BE54-9A1E7A4F7556}") = "UsuariosApp.API", "UsuariosApp.API\UsuariosApp.API.csproj", "{EE71A379-3B03-4C7F-9DAB-D99FDCC932BB}"
EndProject
Project("{2150E333-8FDC-42A3-9474-1A3956D46DE8}") = "API", "API", "{2F809639-496D-4920-A110-A52B3AEBBF5C}"
EndProject
Project("{2150E333-8FDC-42A3-9474-1A3956D46DE8}") = "DDD", "DDD", "{4FD37C66-81BD-4F90-B282-CA853E2D6CC7}"
EndProject
Project("{2150E333-8FDC-42A3-9474-1A3956D46DE8}") = "TDD", "TDD", "{0D5FE91B-1F1D-4124-9142-3B32E867AC12}"
EndProject
Project("{2150E333-8FDC-42A3-9474-1A3956D46DE8}") = "Application", "Application", "{FCB53C44-9BE9-426E-B228-8C5810DF95B5}"
EndProject
Project("{2150E333-8FDC-42A3-9474-1A3956D46DE8}") = "Domain", "Domain", "{161393AC-6031-47EF-BC12-C18F251ACD2D}"
EndProject
Project("{2150E333-8FDC-42A3-9474-1A3956D46DE8}") = "Infrastructure", "Infrastructure", "{FD925E7A-06AB-4ED1-97DD-C6AA0DE24079}"
EndProject
Project("{9A19103F-16F7-4668-BE54-9A1E7A4F7556}") = "UsuariosApp.Application", "UsuariosApp.Application\UsuariosApp.Application.csproj", "{138B47AB-28F9-4F05-868E-015AE8497E72}"
EndProject
Project("{FAE04EC0-301F-11D3-BF4B-00C04F79EFBC}") = "UsuarioApp.Domain", "UsuarioApp.Domain\UsuarioApp.Domain.csproj", "{C8D373FF-E36B-4207-A197-BB26DD68E0C4}"
EndProject
Project("{FAE04EC0-301F-11D3-BF4B-00C04F79EFBC}") = "UsuarioApp.Infrasctruture", "UsuarioApp.Infrasctruture\UsuarioApp.Infrasctruture.csproj", "{B46E259D-7282-46E7-84CC-DDF26F104A82}"
EndProject
Project("{FAE04EC0-301F-11D3-BF4B-00C04F79EFBC}") = "UsuarioApp.Infra.Data", "UsuarioApp.Infra.Data\UsuarioApp.Infra.Data.csproj", "{0DDF3026-99A6-49EC-87D1-FDCEA186BE10}"
EndProject
Project("{FAE04EC0-301F-11D3-BF4B-00C04F79EFBC}") = "UsuariosApp.Tests", "UsuariosApp.Tests\UsuariosApp.Tests.csproj", "{CF5DB9B4-49CD-4CA3-A65C-985A353070D7}"
EndProject
Global
	GlobalSection(SolutionConfigurationPlatforms) = preSolution
		Debug|Any CPU = Debug|Any CPU
		Release|Any CPU = Release|Any CPU
	EndGlobalSection
	GlobalSection(ProjectConfigurationPlatforms) = postSolution
		{EE71A379-3B03-4C7F-9DAB-D99FDCC932BB}.Debug|Any CPU.ActiveCfg = Debug|Any CPU
		{EE71A379-3B03-4C7F-9DAB-D99FDCC932BB}.Debug|Any CPU.Build.0 = Debug|Any CPU
		{EE71A379-3B03-4C7F-9DAB-D99FDCC932BB}.Release|Any CPU.ActiveCfg = Release|Any CPU
		{EE71A379-3B03-4C7F-9DAB-D99FDCC932BB}.Release|Any CPU.Build.0 = Release|Any CPU
		{138B47AB-28F9-4F05-868E-015AE8497E72}.Debug|Any CPU.ActiveCfg = Debug|Any CPU
		{138B47AB-28F9-4F05-868E-015AE8497E72}.Debug|Any CPU.Build.0 = Debug|Any CPU
		{138B47AB-28F9-4F05-868E-015AE8497E72}.Release|Any CPU.ActiveCfg = Release|Any CPU
		{138B47AB-28F9-4F05-868E-015AE8497E72}.Release|Any CPU.Build.0 = Release|Any CPU
		{C8D373FF-E36B-4207-A197-BB26DD68E0C4}.Debug|Any CPU.ActiveCfg = Debug|Any CPU
		{C8D373FF-E36B-4207-A197-BB26DD68E0C4}.Debug|Any CPU.Build.0 = Debug|Any CPU
		{C8D373FF-E36B-4207-A197-BB26DD68E0C4}.Release|Any CPU.ActiveCfg = Release|Any CPU
		{C8D373FF-E36B-4207-A197-BB26DD68E0C4}.Release|Any CPU.Build.0 = Release|Any CPU
		{B46E259D-7282-46E7-84CC-DDF26F104A82}.Debug|Any CPU.ActiveCfg = Debug|Any CPU
		{B46E259D-7282-46E7-84CC-DDF26F104A82}.Debug|Any CPU.Build.0 = Debug|Any CPU
		{B46E259D-7282-46E7-84CC-DDF26F104A82}.Release|Any CPU.ActiveCfg = Release|Any CPU
		{B46E259D-7282-46E7-84CC-DDF26F104A82}.Release|Any CPU.Build.0 = Release|Any CPU
		{0DDF3026-99A6-49EC-87D1-FDCEA186BE10}.Debug|Any CPU.ActiveCfg = Debug|Any CPU
		{0DDF3026-99A6-49EC-87D1-FDCEA186BE10}.Debug|Any CPU.Build.0 = Debug|Any CPU
		{0DDF3026-99A6-49EC-87D1-FDCEA186BE10}.Release|Any CPU.ActiveCfg = Release|Any CPU
		{0DDF3026-99A6-49EC-87D1-FDCEA186BE10}.Release|Any CPU.Build.0 = Release|Any CPU
		{CF5DB9B4-49CD-4CA3-A65C-985A353070D7}.Debug|Any CPU.ActiveCfg = Debug|Any CPU
		{CF5DB9B4-49CD-4CA3-A65C-985A353070D7}.Debug|Any CPU.Build.0 = Debug|Any CPU
		{CF5DB9B4-49CD-4CA3-A65C-985A353070D7}.Release|Any CPU.ActiveCfg = Release|Any CPU
		{CF5DB9B4-49CD-4CA3-A65C-985A353070D7}.Release|Any CPU.Build.0 = Release|Any CPU
	EndGlobalSection
	GlobalSection(SolutionProperties) = preSolution
		HideSolutionNode = FALSE
	EndGlobalSection
	GlobalSection(NestedProjects) = preSolution
		{EE71A379-3B03-4C7F-9DAB-D99FDCC932BB} = {2F809639-496D-4920-A110-A52B3AEBBF5C}
		{FCB53C44-9BE9-426E-B228-8C5810DF95B5} = {4FD37C66-81BD-4F90-B282-CA853E2D6CC7}
		{161393AC-6031-47EF-BC12-C18F251ACD2D} = {4FD37C66-81BD-4F90-B282-CA853E2D6CC7}
		{FD925E7A-06AB-4ED1-97DD-C6AA0DE24079} = {4FD37C66-81BD-4F90-B282-CA853E2D6CC7}
		{138B47AB-28F9-4F05-868E-015AE8497E72} = {FCB53C44-9BE9-426E-B228-8C5810DF95B5}
		{C8D373FF-E36B-4207-A197-BB26DD68E0C4} = {161393AC-6031-47EF-BC12-C18F251ACD2D}
		{B46E259D-7282-46E7-84CC-DDF26F104A82} = {FD925E7A-06AB-4ED1-97DD-C6AA0DE24079}
		{0DDF3026-99A6-49EC-87D1-FDCEA186BE10} = {FD925E7A-06AB-4ED1-97DD-C6AA0DE24079}
		{CF5DB9B4-49CD-4CA3-A65C-985A353070D7} = {0D5FE91B-1F1D-4124-9142-3B32E867AC12}
	EndGlobalSection
	GlobalSection(ExtensibilityGlobals) = postSolution
		SolutionGuid = {38E082B4-F197-4AB6-8A19-44982080A09C}
	EndGlobalSection
EndGlobal
